
Microsoft Visual Studio Solution File, Format Version 12.00
# Visual Studio Version 17
VisualStudioVersion = 17.14.36804.6 d17.14
MinimumVisualStudioVersion = 10.0.40219.1
Project("{FAE04EC0-301F-11D3-BF4B-00C04F79EFBC}") = "presentacion", "presentacion\presentacion.csproj", "{02185E60-778C-4F7D-89C7-BFF212E824C1}"
EndProject
Project("{FAE04EC0-301F-11D3-BF4B-00C04F79EFBC}") = "dominio", "dominio\dominio.csproj", "{5436CC1B-7BAF-467A-8568-7224860A8A81}"
EndProject
Project("{FAE04EC0-301F-11D3-BF4B-00C04F79EFBC}") = "negocio", "negocio\negocio.csproj", "{46D92382-ED3A-415F-A615-9C97AE934556}"
EndProject
Global
	GlobalSection(SolutionConfigurationPlatforms) = preSolution
		Debug|Any CPU = Debug|Any CPU
		Release|Any CPU = Release|Any CPU
	EndGlobalSection
	GlobalSection(ProjectConfigurationPlatforms) = postSolution
		{02185E60-778C-4F7D-89C7-BFF212E824C1}.Debug|Any CPU.ActiveCfg = Debug|Any CPU
		{02185E60-778C-4F7D-89C7-BFF212E824C1}.Debug|Any CPU.Build.0 = Debug|Any CPU
		{02185E60-778C-4F7D-89C7-BFF212E824C1}.Release|Any CPU.ActiveCfg = Release|Any CPU
		{02185E60-778C-4F7D-89C7-BFF212E824C1}.Release|Any CPU.Build.0 = Release|Any CPU
		{5436CC1B-7BAF-467A-8568-7224860A8A81}.Debug|Any CPU.ActiveCfg = Debug|Any CPU
		{5436CC1B-7BAF-467A-8568-7224860A8A81}.Debug|Any CPU.Build.0 = Debug|Any CPU
		{5436CC1B-7BAF-467A-8568-7224860A8A81}.Release|Any CPU.ActiveCfg = Release|Any CPU
		{5436CC1B-7BAF-467A-8568-7224860A8A81}.Release|Any CPU.Build.0 = Release|Any CPU
		{46D92382-ED3A-415F-A615-9C97AE934556}.Debug|Any CPU.ActiveCfg = Debug|Any CPU
		{46D92382-ED3A-415F-A615-9C97AE934556}.Debug|Any CPU.Build.0 = Debug|Any CPU
		{46D92382-ED3A-415F-A615-9C97AE934556}.Release|Any CPU.ActiveCfg = Release|Any CPU
		{46D92382-ED3A-415F-A615-9C97AE934556}.Release|Any CPU.Build.0 = Release|Any CPU
	EndGlobalSection
	GlobalSection(SolutionProperties) = preSolution
		HideSolutionNode = FALSE
	EndGlobalSection
	GlobalSection(ExtensibilityGlobals) = postSolution
		SolutionGuid = {3CCCA276-E5E6-4F89-A1FB-EFDEA7C9C666}
	EndGlobalSection
EndGlobal
